
Microsoft Visual Studio Solution File, Format Version 12.00
# Visual Studio 14
VisualStudioVersion = 14.0.24720.0
MinimumVisualStudioVersion = 10.0.40219.1
Project("{2150E333-8FDC-42A3-9474-1A3956D46DE8}") = "src", "src", "{EF7DFA6A-69C2-4BA1-A5BE-FBBC417C4252}"
EndProject
Project("{2150E333-8FDC-42A3-9474-1A3956D46DE8}") = "Solution Items", "Solution Items", "{A439833C-5B3C-4A86-8BDE-4D7CC7D2D529}"
	ProjectSection(SolutionItems) = preProject
		global.json = global.json
	EndProjectSection
EndProject
Project("{8BB2217D-0F2D-49D1-97BC-3654ED321F3B}") = "SampleWebsite", "src\SampleWebsite\SampleWebsite.xproj", "{25708BAD-6602-406D-8164-93B61DB1C959}"
EndProject
Global
	GlobalSection(SolutionConfigurationPlatforms) = preSolution
		Debug|Any CPU = Debug|Any CPU
		Release|Any CPU = Release|Any CPU
	EndGlobalSection
	GlobalSection(ProjectConfigurationPlatforms) = postSolution
		{25708BAD-6602-406D-8164-93B61DB1C959}.Debug|Any CPU.ActiveCfg = Debug|Any CPU
		{25708BAD-6602-406D-8164-93B61DB1C959}.Debug|Any CPU.Build.0 = Debug|Any CPU
		{25708BAD-6602-406D-8164-93B61DB1C959}.Release|Any CPU.ActiveCfg = Release|Any CPU
		{25708BAD-6602-406D-8164-93B61DB1C959}.Release|Any CPU.Build.0 = Release|Any CPU
	EndGlobalSection
	GlobalSection(SolutionProperties) = preSolution
		HideSolutionNode = FALSE
	EndGlobalSection
	GlobalSection(NestedProjects) = preSolution
		{25708BAD-6602-406D-8164-93B61DB1C959} = {EF7DFA6A-69C2-4BA1-A5BE-FBBC417C4252}
	EndGlobalSection
EndGlobal
